
Microsoft Visual Studio Solution File, Format Version 12.00
# Visual Studio 15
VisualStudioVersion = 15.0.26430.15
MinimumVisualStudioVersion = 10.0.40219.1
Project("{8BC9CEB8-8B4A-11D0-8D11-00A0C91BC942}") = "III_taxi+", "III_taxi+\III_taxi+.vcxproj", "{E8631542-09D3-4C9A-87FB-C947F0E08F6C}"
EndProject
Project("{8BC9CEB8-8B4A-11D0-8D11-00A0C91BC942}") = "SA_VehicleAdvanced", "SA_VehicleAdvanced\SA_VehicleAdvanced.vcxproj", "{41D35881-0CBC-4236-972C-FDA395427D46}"
EndProject
Project("{8BC9CEB8-8B4A-11D0-8D11-00A0C91BC942}") = "III_OpenComponent", "III_OpenComponent\III_OpenComponent.vcxproj", "{6CC45B39-299C-432E-851C-BAA0A811431F}"
EndProject
Project("{8BC9CEB8-8B4A-11D0-8D11-00A0C91BC942}") = "III_AdditionalComponents", "III_AdditionalComponents\III_AdditionalComponents.vcxproj", "{A485C3DF-D0B7-47EB-904B-DA92E1AC7C1A}"
EndProject
Project("{8BC9CEB8-8B4A-11D0-8D11-00A0C91BC942}") = "SA_TruckTrailer", "SA_TruckTrailer\SA_TruckTrailer.vcxproj", "{30C99C1C-20CE-4B1B-9F50-35CDE68D46BD}"
EndProject
Project("{8BC9CEB8-8B4A-11D0-8D11-00A0C91BC942}") = "VC_OpenComponent", "VC_OpenComponent\VC_OpenComponent.vcxproj", "{DEF3C506-7626-4452-98C9-7A7E44756919}"
EndProject
Project("{8BC9CEB8-8B4A-11D0-8D11-00A0C91BC942}") = "SA_OpenComponent", "SA_OpenComponent\SA_OpenComponent.vcxproj", "{196BF231-76FC-48A8-BBC0-E0703089B9AF}"
EndProject
Global
	GlobalSection(SolutionConfigurationPlatforms) = preSolution
		Debug|x86 = Debug|x86
		Release|x86 = Release|x86
	EndGlobalSection
	GlobalSection(ProjectConfigurationPlatforms) = postSolution
		{E8631542-09D3-4C9A-87FB-C947F0E08F6C}.Debug|x86.ActiveCfg = Debug|Win32
		{E8631542-09D3-4C9A-87FB-C947F0E08F6C}.Debug|x86.Build.0 = Debug|Win32
		{E8631542-09D3-4C9A-87FB-C947F0E08F6C}.Release|x86.ActiveCfg = Release|Win32
		{E8631542-09D3-4C9A-87FB-C947F0E08F6C}.Release|x86.Build.0 = Release|Win32
		{41D35881-0CBC-4236-972C-FDA395427D46}.Debug|x86.ActiveCfg = Debug|Win32
		{41D35881-0CBC-4236-972C-FDA395427D46}.Debug|x86.Build.0 = Debug|Win32
		{41D35881-0CBC-4236-972C-FDA395427D46}.Release|x86.ActiveCfg = Release|Win32
		{41D35881-0CBC-4236-972C-FDA395427D46}.Release|x86.Build.0 = Release|Win32
		{6CC45B39-299C-432E-851C-BAA0A811431F}.Debug|x86.ActiveCfg = Debug|Win32
		{6CC45B39-299C-432E-851C-BAA0A811431F}.Debug|x86.Build.0 = Debug|Win32
		{6CC45B39-299C-432E-851C-BAA0A811431F}.Release|x86.ActiveCfg = Release|Win32
		{6CC45B39-299C-432E-851C-BAA0A811431F}.Release|x86.Build.0 = Release|Win32
		{A485C3DF-D0B7-47EB-904B-DA92E1AC7C1A}.Debug|x86.ActiveCfg = Debug|Win32
		{A485C3DF-D0B7-47EB-904B-DA92E1AC7C1A}.Debug|x86.Build.0 = Debug|Win32
		{A485C3DF-D0B7-47EB-904B-DA92E1AC7C1A}.Release|x86.ActiveCfg = Release|Win32
		{A485C3DF-D0B7-47EB-904B-DA92E1AC7C1A}.Release|x86.Build.0 = Release|Win32
		{30C99C1C-20CE-4B1B-9F50-35CDE68D46BD}.Debug|x86.ActiveCfg = Debug|Win32
		{30C99C1C-20CE-4B1B-9F50-35CDE68D46BD}.Debug|x86.Build.0 = Debug|Win32
		{30C99C1C-20CE-4B1B-9F50-35CDE68D46BD}.Release|x86.ActiveCfg = Release|Win32
		{30C99C1C-20CE-4B1B-9F50-35CDE68D46BD}.Release|x86.Build.0 = Release|Win32
		{DEF3C506-7626-4452-98C9-7A7E44756919}.Debug|x86.ActiveCfg = Debug|Win32
		{DEF3C506-7626-4452-98C9-7A7E44756919}.Debug|x86.Build.0 = Debug|Win32
		{DEF3C506-7626-4452-98C9-7A7E44756919}.Release|x86.ActiveCfg = Release|Win32
		{DEF3C506-7626-4452-98C9-7A7E44756919}.Release|x86.Build.0 = Release|Win32
		{196BF231-76FC-48A8-BBC0-E0703089B9AF}.Debug|x86.ActiveCfg = Debug|Win32
		{196BF231-76FC-48A8-BBC0-E0703089B9AF}.Debug|x86.Build.0 = Debug|Win32
		{196BF231-76FC-48A8-BBC0-E0703089B9AF}.Release|x86.ActiveCfg = Release|Win32
		{196BF231-76FC-48A8-BBC0-E0703089B9AF}.Release|x86.Build.0 = Release|Win32
	EndGlobalSection
	GlobalSection(SolutionProperties) = preSolution
		HideSolutionNode = FALSE
	EndGlobalSection
EndGlobal
