
Microsoft Visual Studio Solution File, Format Version 12.00
# Visual Studio 15
VisualStudioVersion = 15.0.26430.15
MinimumVisualStudioVersion = 10.0.40219.1
Project("{8BC9CEB8-8B4A-11D0-8D11-00A0C91BC942}") = "III_taxi+", "III_taxi+\III_taxi+.vcxproj", "{E8631542-09D3-4C9A-87FB-C947F0E08F6C}"
EndProject
Project("{8BC9CEB8-8B4A-11D0-8D11-00A0C91BC942}") = "SA_VehicleAdvanced", "SA_VehicleAdvanced\SA_VehicleAdvanced.vcxproj", "{41D35881-0CBC-4236-972C-FDA395427D46}"
EndProject
Project("{8BC9CEB8-8B4A-11D0-8D11-00A0C91BC942}") = "III_OpenComponent", "III_OpenComponent\III_OpenComponent.vcxproj", "{6CC45B39-299C-432E-851C-BAA0A811431F}"
EndProject
Project("{8BC9CEB8-8B4A-11D0-8D11-00A0C91BC942}") = "SA_TruckTrailer", "SA_TruckTrailer\SA_TruckTrailer.vcxproj", "{30C99C1C-20CE-4B1B-9F50-35CDE68D46BD}"
EndProject
Project("{8BC9CEB8-8B4A-11D0-8D11-00A0C91BC942}") = "VC_OpenComponent", "VC_OpenComponent\VC_OpenComponent.vcxproj", "{DEF3C506-7626-4452-98C9-7A7E44756919}"
EndProject
Project("{8BC9CEB8-8B4A-11D0-8D11-00A0C91BC942}") = "SA_OpenComponent", "SA_OpenComponent\SA_OpenComponent.vcxproj", "{196BF231-76FC-48A8-BBC0-E0703089B9AF}"
EndProject
Project("{8BC9CEB8-8B4A-11D0-8D11-00A0C91BC942}") = "SA_MoreVehiclesSpawner", "SA_MoreVehiclesSpawner\SA_MoreVehiclesSpawner.vcxproj", "{FF3EABAE-585C-413F-8F50-D2D493734BDE}"
EndProject
Project("{8BC9CEB8-8B4A-11D0-8D11-00A0C91BC942}") = "SA_VehicleHierarchy", "SA_VehicleHierarchy\SA_VehicleHierarchy.vcxproj", "{C13724FE-CEDE-4D51-8EC1-B10E8117872F}"
EndProject
Project("{8BC9CEB8-8B4A-11D0-8D11-00A0C91BC942}") = "NewChooseComponent", "NewChooseComponent\NewChooseComponent.vcxproj", "{1481108D-7D6E-4A28-A904-5A1B4AFC7D21}"
EndProject
Project("{8BC9CEB8-8B4A-11D0-8D11-00A0C91BC942}") = "zr350", "zr350\zr350.vcxproj", "{CDC6D1D5-19A0-415B-ABA4-BA66A386A545}"
EndProject
Project("{8BC9CEB8-8B4A-11D0-8D11-00A0C91BC942}") = "VC_MoreVehiclesSpawner", "VC_MoreVehiclesSpawner\VC_MoreVehiclesSpawner.vcxproj", "{E3C874C7-9736-43E1-B785-2ABE231A70A8}"
EndProject
Project("{8BC9CEB8-8B4A-11D0-8D11-00A0C91BC942}") = "VC_NewChooseComponent", "VC_NewChooseComponent\VC_NewChooseComponent.vcxproj", "{F9DF2D2E-FF06-4BA0-8CA0-A69C500D0C18}"
EndProject
Project("{8BC9CEB8-8B4A-11D0-8D11-00A0C91BC942}") = "VC_AdditionalComponents", "VC_AdditionalComponents\VC_AdditionalComponents.vcxproj", "{A1C08E2F-3F2D-4167-9E80-EA7A36C7A350}"
EndProject
Project("{8BC9CEB8-8B4A-11D0-8D11-00A0C91BC942}") = "III_TruckTrailer", "III_TruckTrailer\III_TruckTrailer.vcxproj", "{7C3CAB04-ED01-40A3-AEB7-7B624E497F17}"
EndProject
Project("{8BC9CEB8-8B4A-11D0-8D11-00A0C91BC942}") = "III_NeonLights", "III_NeonLights\III_NeonLights.vcxproj", "{511497E0-17F9-4031-9490-3B2C7788681A}"
EndProject
Project("{8BC9CEB8-8B4A-11D0-8D11-00A0C91BC942}") = "SA_TextureExample", "SA_TextureExample\SA_TextureExample.vcxproj", "{B79EF269-A504-424F-B789-35EFACD1643F}"
EndProject
Project("{8BC9CEB8-8B4A-11D0-8D11-00A0C91BC942}") = "VC_NeonLights", "VC_NeonLights\VC_NeonLights.vcxproj", "{F6163B88-68BB-4EF8-8CF0-415F304DE0EF}"
EndProject
Project("{8BC9CEB8-8B4A-11D0-8D11-00A0C91BC942}") = "III_textura", "III_textura\III_textura.vcxproj", "{BFDA64B4-654E-4C48-B36D-0BC95FAF57F3}"
EndProject
Project("{8BC9CEB8-8B4A-11D0-8D11-00A0C91BC942}") = "III_AdditionalComponents", "III_AdditionalComponents\III_AdditionalComponents.vcxproj", "{06AE229F-14E8-4F86-916E-63BCDBB24B74}"
EndProject
Project("{8BC9CEB8-8B4A-11D0-8D11-00A0C91BC942}") = "III_test", "III_test\III_test.vcxproj", "{B212DDA4-2A8E-45B2-914D-7BEEB31D06B1}"
EndProject
Project("{8BC9CEB8-8B4A-11D0-8D11-00A0C91BC942}") = "VC_test", "VC_test\VC_test.vcxproj", "{FEA0194B-DE52-43FC-A3E2-26CA887B78A8}"
EndProject
Project("{8BC9CEB8-8B4A-11D0-8D11-00A0C91BC942}") = "SA_test", "SA_test\SA_test.vcxproj", "{E4311B28-6991-4F07-B017-A059D5B6F088}"
EndProject
Project("{8BC9CEB8-8B4A-11D0-8D11-00A0C91BC942}") = "VC_taxi+", "VC_taxi+\VC_taxi+.vcxproj", "{102C49FF-FF77-4D38-9833-3538CDBFADAE}"
EndProject
Project("{2150E333-8FDC-42A3-9474-1A3956D46DE8}") = "GTA III", "GTA III", "{254A0CF4-9934-4A6E-8B09-4BE2AF7360CD}"
EndProject
Project("{2150E333-8FDC-42A3-9474-1A3956D46DE8}") = "GTA SA", "GTA SA", "{5190CB60-22CB-49E5-A966-B36B391C9987}"
EndProject
Project("{2150E333-8FDC-42A3-9474-1A3956D46DE8}") = "GTA VC", "GTA VC", "{FD6B5178-2012-4CCE-85BC-93B5B8A9F946}"
EndProject
Project("{8BC9CEB8-8B4A-11D0-8D11-00A0C91BC942}") = "III_AddSpecialCars", "III_AddSpecialCars\III_AddSpecialCars.vcxproj", "{17EDCF8D-E3BD-4B03-857C-94BC3905ACE6}"
EndProject
Project("{8BC9CEB8-8B4A-11D0-8D11-00A0C91BC942}") = "III_MoreVehiclesSpawner", "III_MoreVehiclesSpawner\III_MoreVehiclesSpawner.vcxproj", "{599C1C79-2184-4415-BAEE-D2E09FB196A2}"
EndProject
Project("{8BC9CEB8-8B4A-11D0-8D11-00A0C91BC942}") = "SA_AddSpecialCars", "SA_AddSpecialCars\SA_AddSpecialCars.vcxproj", "{331C122E-856F-4203-995B-D628D0F877AC}"
EndProject
Project("{8BC9CEB8-8B4A-11D0-8D11-00A0C91BC942}") = "VC_AddSpecialCars", "VC_AddSpecialCars\VC_AddSpecialCars.vcxproj", "{A28749E8-C4EF-428C-8431-B26B3F5D3A6D}"
EndProject
Global
	GlobalSection(SolutionConfigurationPlatforms) = preSolution
		Debug|x86 = Debug|x86
		GTA3 Release|x86 = GTA3 Release|x86
		GTA3 zDebug|x86 = GTA3 zDebug|x86
		GTASA Release|x86 = GTASA Release|x86
		GTASA zDebug|x86 = GTASA zDebug|x86
		GTAVC Release|x86 = GTAVC Release|x86
		GTAVC zDebug|x86 = GTAVC zDebug|x86
		Release|x86 = Release|x86
	EndGlobalSection
	GlobalSection(ProjectConfigurationPlatforms) = postSolution
		{E8631542-09D3-4C9A-87FB-C947F0E08F6C}.Debug|x86.ActiveCfg = Debug|Win32
		{E8631542-09D3-4C9A-87FB-C947F0E08F6C}.Debug|x86.Build.0 = Debug|Win32
		{E8631542-09D3-4C9A-87FB-C947F0E08F6C}.GTA3 Release|x86.ActiveCfg = Release|Win32
		{E8631542-09D3-4C9A-87FB-C947F0E08F6C}.GTA3 Release|x86.Build.0 = Release|Win32
		{E8631542-09D3-4C9A-87FB-C947F0E08F6C}.GTA3 zDebug|x86.ActiveCfg = Debug|Win32
		{E8631542-09D3-4C9A-87FB-C947F0E08F6C}.GTA3 zDebug|x86.Build.0 = Debug|Win32
		{E8631542-09D3-4C9A-87FB-C947F0E08F6C}.GTASA Release|x86.ActiveCfg = Release|Win32
		{E8631542-09D3-4C9A-87FB-C947F0E08F6C}.GTASA Release|x86.Build.0 = Release|Win32
		{E8631542-09D3-4C9A-87FB-C947F0E08F6C}.GTASA zDebug|x86.ActiveCfg = Debug|Win32
		{E8631542-09D3-4C9A-87FB-C947F0E08F6C}.GTASA zDebug|x86.Build.0 = Debug|Win32
		{E8631542-09D3-4C9A-87FB-C947F0E08F6C}.GTAVC Release|x86.ActiveCfg = Release|Win32
		{E8631542-09D3-4C9A-87FB-C947F0E08F6C}.GTAVC Release|x86.Build.0 = Release|Win32
		{E8631542-09D3-4C9A-87FB-C947F0E08F6C}.GTAVC zDebug|x86.ActiveCfg = Debug|Win32
		{E8631542-09D3-4C9A-87FB-C947F0E08F6C}.GTAVC zDebug|x86.Build.0 = Debug|Win32
		{E8631542-09D3-4C9A-87FB-C947F0E08F6C}.Release|x86.ActiveCfg = Release|Win32
		{E8631542-09D3-4C9A-87FB-C947F0E08F6C}.Release|x86.Build.0 = Release|Win32
		{41D35881-0CBC-4236-972C-FDA395427D46}.Debug|x86.ActiveCfg = Debug|Win32
		{41D35881-0CBC-4236-972C-FDA395427D46}.Debug|x86.Build.0 = Debug|Win32
		{41D35881-0CBC-4236-972C-FDA395427D46}.GTA3 Release|x86.ActiveCfg = Release|Win32
		{41D35881-0CBC-4236-972C-FDA395427D46}.GTA3 Release|x86.Build.0 = Release|Win32
		{41D35881-0CBC-4236-972C-FDA395427D46}.GTA3 Release|x86.Deploy.0 = Release|Win32
		{41D35881-0CBC-4236-972C-FDA395427D46}.GTA3 zDebug|x86.ActiveCfg = Debug|Win32
		{41D35881-0CBC-4236-972C-FDA395427D46}.GTA3 zDebug|x86.Build.0 = Debug|Win32
		{41D35881-0CBC-4236-972C-FDA395427D46}.GTA3 zDebug|x86.Deploy.0 = Debug|Win32
		{41D35881-0CBC-4236-972C-FDA395427D46}.GTASA Release|x86.ActiveCfg = Release|Win32
		{41D35881-0CBC-4236-972C-FDA395427D46}.GTASA Release|x86.Build.0 = Release|Win32
		{41D35881-0CBC-4236-972C-FDA395427D46}.GTASA Release|x86.Deploy.0 = Release|Win32
		{41D35881-0CBC-4236-972C-FDA395427D46}.GTASA zDebug|x86.ActiveCfg = Debug|Win32
		{41D35881-0CBC-4236-972C-FDA395427D46}.GTASA zDebug|x86.Build.0 = Debug|Win32
		{41D35881-0CBC-4236-972C-FDA395427D46}.GTASA zDebug|x86.Deploy.0 = Debug|Win32
		{41D35881-0CBC-4236-972C-FDA395427D46}.GTAVC Release|x86.ActiveCfg = Release|Win32
		{41D35881-0CBC-4236-972C-FDA395427D46}.GTAVC Release|x86.Build.0 = Release|Win32
		{41D35881-0CBC-4236-972C-FDA395427D46}.GTAVC Release|x86.Deploy.0 = Release|Win32
		{41D35881-0CBC-4236-972C-FDA395427D46}.GTAVC zDebug|x86.ActiveCfg = Debug|Win32
		{41D35881-0CBC-4236-972C-FDA395427D46}.GTAVC zDebug|x86.Build.0 = Debug|Win32
		{41D35881-0CBC-4236-972C-FDA395427D46}.GTAVC zDebug|x86.Deploy.0 = Debug|Win32
		{41D35881-0CBC-4236-972C-FDA395427D46}.Release|x86.ActiveCfg = Release|Win32
		{41D35881-0CBC-4236-972C-FDA395427D46}.Release|x86.Build.0 = Release|Win32
		{6CC45B39-299C-432E-851C-BAA0A811431F}.Debug|x86.ActiveCfg = Debug|Win32
		{6CC45B39-299C-432E-851C-BAA0A811431F}.Debug|x86.Build.0 = Debug|Win32
		{6CC45B39-299C-432E-851C-BAA0A811431F}.GTA3 Release|x86.ActiveCfg = Release|Win32
		{6CC45B39-299C-432E-851C-BAA0A811431F}.GTA3 Release|x86.Build.0 = Release|Win32
		{6CC45B39-299C-432E-851C-BAA0A811431F}.GTA3 Release|x86.Deploy.0 = Release|Win32
		{6CC45B39-299C-432E-851C-BAA0A811431F}.GTA3 zDebug|x86.ActiveCfg = Debug|Win32
		{6CC45B39-299C-432E-851C-BAA0A811431F}.GTA3 zDebug|x86.Build.0 = Debug|Win32
		{6CC45B39-299C-432E-851C-BAA0A811431F}.GTA3 zDebug|x86.Deploy.0 = Debug|Win32
		{6CC45B39-299C-432E-851C-BAA0A811431F}.GTASA Release|x86.ActiveCfg = Release|Win32
		{6CC45B39-299C-432E-851C-BAA0A811431F}.GTASA Release|x86.Build.0 = Release|Win32
		{6CC45B39-299C-432E-851C-BAA0A811431F}.GTASA Release|x86.Deploy.0 = Release|Win32
		{6CC45B39-299C-432E-851C-BAA0A811431F}.GTASA zDebug|x86.ActiveCfg = Debug|Win32
		{6CC45B39-299C-432E-851C-BAA0A811431F}.GTASA zDebug|x86.Build.0 = Debug|Win32
		{6CC45B39-299C-432E-851C-BAA0A811431F}.GTASA zDebug|x86.Deploy.0 = Debug|Win32
		{6CC45B39-299C-432E-851C-BAA0A811431F}.GTAVC Release|x86.ActiveCfg = Release|Win32
		{6CC45B39-299C-432E-851C-BAA0A811431F}.GTAVC Release|x86.Build.0 = Release|Win32
		{6CC45B39-299C-432E-851C-BAA0A811431F}.GTAVC Release|x86.Deploy.0 = Release|Win32
		{6CC45B39-299C-432E-851C-BAA0A811431F}.GTAVC zDebug|x86.ActiveCfg = Debug|Win32
		{6CC45B39-299C-432E-851C-BAA0A811431F}.GTAVC zDebug|x86.Build.0 = Debug|Win32
		{6CC45B39-299C-432E-851C-BAA0A811431F}.GTAVC zDebug|x86.Deploy.0 = Debug|Win32
		{6CC45B39-299C-432E-851C-BAA0A811431F}.Release|x86.ActiveCfg = Release|Win32
		{6CC45B39-299C-432E-851C-BAA0A811431F}.Release|x86.Build.0 = Release|Win32
		{30C99C1C-20CE-4B1B-9F50-35CDE68D46BD}.Debug|x86.ActiveCfg = Debug|Win32
		{30C99C1C-20CE-4B1B-9F50-35CDE68D46BD}.Debug|x86.Build.0 = Debug|Win32
		{30C99C1C-20CE-4B1B-9F50-35CDE68D46BD}.GTA3 Release|x86.ActiveCfg = Release|Win32
		{30C99C1C-20CE-4B1B-9F50-35CDE68D46BD}.GTA3 Release|x86.Build.0 = Release|Win32
		{30C99C1C-20CE-4B1B-9F50-35CDE68D46BD}.GTA3 Release|x86.Deploy.0 = Release|Win32
		{30C99C1C-20CE-4B1B-9F50-35CDE68D46BD}.GTA3 zDebug|x86.ActiveCfg = Debug|Win32
		{30C99C1C-20CE-4B1B-9F50-35CDE68D46BD}.GTA3 zDebug|x86.Build.0 = Debug|Win32
		{30C99C1C-20CE-4B1B-9F50-35CDE68D46BD}.GTA3 zDebug|x86.Deploy.0 = Debug|Win32
		{30C99C1C-20CE-4B1B-9F50-35CDE68D46BD}.GTASA Release|x86.ActiveCfg = Release|Win32
		{30C99C1C-20CE-4B1B-9F50-35CDE68D46BD}.GTASA Release|x86.Build.0 = Release|Win32
		{30C99C1C-20CE-4B1B-9F50-35CDE68D46BD}.GTASA Release|x86.Deploy.0 = Release|Win32
		{30C99C1C-20CE-4B1B-9F50-35CDE68D46BD}.GTASA zDebug|x86.ActiveCfg = Debug|Win32
		{30C99C1C-20CE-4B1B-9F50-35CDE68D46BD}.GTASA zDebug|x86.Build.0 = Debug|Win32
		{30C99C1C-20CE-4B1B-9F50-35CDE68D46BD}.GTASA zDebug|x86.Deploy.0 = Debug|Win32
		{30C99C1C-20CE-4B1B-9F50-35CDE68D46BD}.GTAVC Release|x86.ActiveCfg = Release|Win32
		{30C99C1C-20CE-4B1B-9F50-35CDE68D46BD}.GTAVC Release|x86.Build.0 = Release|Win32
		{30C99C1C-20CE-4B1B-9F50-35CDE68D46BD}.GTAVC Release|x86.Deploy.0 = Release|Win32
		{30C99C1C-20CE-4B1B-9F50-35CDE68D46BD}.GTAVC zDebug|x86.ActiveCfg = Debug|Win32
		{30C99C1C-20CE-4B1B-9F50-35CDE68D46BD}.GTAVC zDebug|x86.Build.0 = Debug|Win32
		{30C99C1C-20CE-4B1B-9F50-35CDE68D46BD}.GTAVC zDebug|x86.Deploy.0 = Debug|Win32
		{30C99C1C-20CE-4B1B-9F50-35CDE68D46BD}.Release|x86.ActiveCfg = Release|Win32
		{30C99C1C-20CE-4B1B-9F50-35CDE68D46BD}.Release|x86.Build.0 = Release|Win32
		{DEF3C506-7626-4452-98C9-7A7E44756919}.Debug|x86.ActiveCfg = Debug|Win32
		{DEF3C506-7626-4452-98C9-7A7E44756919}.Debug|x86.Build.0 = Debug|Win32
		{DEF3C506-7626-4452-98C9-7A7E44756919}.GTA3 Release|x86.ActiveCfg = Release|Win32
		{DEF3C506-7626-4452-98C9-7A7E44756919}.GTA3 Release|x86.Build.0 = Release|Win32
		{DEF3C506-7626-4452-98C9-7A7E44756919}.GTA3 Release|x86.Deploy.0 = Release|Win32
		{DEF3C506-7626-4452-98C9-7A7E44756919}.GTA3 zDebug|x86.ActiveCfg = Debug|Win32
		{DEF3C506-7626-4452-98C9-7A7E44756919}.GTA3 zDebug|x86.Build.0 = Debug|Win32
		{DEF3C506-7626-4452-98C9-7A7E44756919}.GTA3 zDebug|x86.Deploy.0 = Debug|Win32
		{DEF3C506-7626-4452-98C9-7A7E44756919}.GTASA Release|x86.ActiveCfg = Release|Win32
		{DEF3C506-7626-4452-98C9-7A7E44756919}.GTASA Release|x86.Build.0 = Release|Win32
		{DEF3C506-7626-4452-98C9-7A7E44756919}.GTASA Release|x86.Deploy.0 = Release|Win32
		{DEF3C506-7626-4452-98C9-7A7E44756919}.GTASA zDebug|x86.ActiveCfg = Debug|Win32
		{DEF3C506-7626-4452-98C9-7A7E44756919}.GTASA zDebug|x86.Build.0 = Debug|Win32
		{DEF3C506-7626-4452-98C9-7A7E44756919}.GTASA zDebug|x86.Deploy.0 = Debug|Win32
		{DEF3C506-7626-4452-98C9-7A7E44756919}.GTAVC Release|x86.ActiveCfg = Release|Win32
		{DEF3C506-7626-4452-98C9-7A7E44756919}.GTAVC Release|x86.Build.0 = Release|Win32
		{DEF3C506-7626-4452-98C9-7A7E44756919}.GTAVC Release|x86.Deploy.0 = Release|Win32
		{DEF3C506-7626-4452-98C9-7A7E44756919}.GTAVC zDebug|x86.ActiveCfg = Debug|Win32
		{DEF3C506-7626-4452-98C9-7A7E44756919}.GTAVC zDebug|x86.Build.0 = Debug|Win32
		{DEF3C506-7626-4452-98C9-7A7E44756919}.GTAVC zDebug|x86.Deploy.0 = Debug|Win32
		{DEF3C506-7626-4452-98C9-7A7E44756919}.Release|x86.ActiveCfg = Release|Win32
		{DEF3C506-7626-4452-98C9-7A7E44756919}.Release|x86.Build.0 = Release|Win32
		{196BF231-76FC-48A8-BBC0-E0703089B9AF}.Debug|x86.ActiveCfg = Debug|Win32
		{196BF231-76FC-48A8-BBC0-E0703089B9AF}.Debug|x86.Build.0 = Debug|Win32
		{196BF231-76FC-48A8-BBC0-E0703089B9AF}.GTA3 Release|x86.ActiveCfg = Release|Win32
		{196BF231-76FC-48A8-BBC0-E0703089B9AF}.GTA3 Release|x86.Build.0 = Release|Win32
		{196BF231-76FC-48A8-BBC0-E0703089B9AF}.GTA3 Release|x86.Deploy.0 = Release|Win32
		{196BF231-76FC-48A8-BBC0-E0703089B9AF}.GTA3 zDebug|x86.ActiveCfg = Debug|Win32
		{196BF231-76FC-48A8-BBC0-E0703089B9AF}.GTA3 zDebug|x86.Build.0 = Debug|Win32
		{196BF231-76FC-48A8-BBC0-E0703089B9AF}.GTA3 zDebug|x86.Deploy.0 = Debug|Win32
		{196BF231-76FC-48A8-BBC0-E0703089B9AF}.GTASA Release|x86.ActiveCfg = Release|Win32
		{196BF231-76FC-48A8-BBC0-E0703089B9AF}.GTASA Release|x86.Build.0 = Release|Win32
		{196BF231-76FC-48A8-BBC0-E0703089B9AF}.GTASA Release|x86.Deploy.0 = Release|Win32
		{196BF231-76FC-48A8-BBC0-E0703089B9AF}.GTASA zDebug|x86.ActiveCfg = Debug|Win32
		{196BF231-76FC-48A8-BBC0-E0703089B9AF}.GTASA zDebug|x86.Build.0 = Debug|Win32
		{196BF231-76FC-48A8-BBC0-E0703089B9AF}.GTASA zDebug|x86.Deploy.0 = Debug|Win32
		{196BF231-76FC-48A8-BBC0-E0703089B9AF}.GTAVC Release|x86.ActiveCfg = Release|Win32
		{196BF231-76FC-48A8-BBC0-E0703089B9AF}.GTAVC Release|x86.Build.0 = Release|Win32
		{196BF231-76FC-48A8-BBC0-E0703089B9AF}.GTAVC Release|x86.Deploy.0 = Release|Win32
		{196BF231-76FC-48A8-BBC0-E0703089B9AF}.GTAVC zDebug|x86.ActiveCfg = Debug|Win32
		{196BF231-76FC-48A8-BBC0-E0703089B9AF}.GTAVC zDebug|x86.Build.0 = Debug|Win32
		{196BF231-76FC-48A8-BBC0-E0703089B9AF}.GTAVC zDebug|x86.Deploy.0 = Debug|Win32
		{196BF231-76FC-48A8-BBC0-E0703089B9AF}.Release|x86.ActiveCfg = Release|Win32
		{196BF231-76FC-48A8-BBC0-E0703089B9AF}.Release|x86.Build.0 = Release|Win32
		{FF3EABAE-585C-413F-8F50-D2D493734BDE}.Debug|x86.ActiveCfg = Debug|Win32
		{FF3EABAE-585C-413F-8F50-D2D493734BDE}.Debug|x86.Build.0 = Debug|Win32
		{FF3EABAE-585C-413F-8F50-D2D493734BDE}.GTA3 Release|x86.ActiveCfg = Release|Win32
		{FF3EABAE-585C-413F-8F50-D2D493734BDE}.GTA3 Release|x86.Build.0 = Release|Win32
		{FF3EABAE-585C-413F-8F50-D2D493734BDE}.GTA3 Release|x86.Deploy.0 = Release|Win32
		{FF3EABAE-585C-413F-8F50-D2D493734BDE}.GTA3 zDebug|x86.ActiveCfg = Debug|Win32
		{FF3EABAE-585C-413F-8F50-D2D493734BDE}.GTA3 zDebug|x86.Build.0 = Debug|Win32
		{FF3EABAE-585C-413F-8F50-D2D493734BDE}.GTA3 zDebug|x86.Deploy.0 = Debug|Win32
		{FF3EABAE-585C-413F-8F50-D2D493734BDE}.GTASA Release|x86.ActiveCfg = Release|Win32
		{FF3EABAE-585C-413F-8F50-D2D493734BDE}.GTASA Release|x86.Build.0 = Release|Win32
		{FF3EABAE-585C-413F-8F50-D2D493734BDE}.GTASA Release|x86.Deploy.0 = Release|Win32
		{FF3EABAE-585C-413F-8F50-D2D493734BDE}.GTASA zDebug|x86.ActiveCfg = Debug|Win32
		{FF3EABAE-585C-413F-8F50-D2D493734BDE}.GTASA zDebug|x86.Build.0 = Debug|Win32
		{FF3EABAE-585C-413F-8F50-D2D493734BDE}.GTASA zDebug|x86.Deploy.0 = Debug|Win32
		{FF3EABAE-585C-413F-8F50-D2D493734BDE}.GTAVC Release|x86.ActiveCfg = Release|Win32
		{FF3EABAE-585C-413F-8F50-D2D493734BDE}.GTAVC Release|x86.Build.0 = Release|Win32
		{FF3EABAE-585C-413F-8F50-D2D493734BDE}.GTAVC Release|x86.Deploy.0 = Release|Win32
		{FF3EABAE-585C-413F-8F50-D2D493734BDE}.GTAVC zDebug|x86.ActiveCfg = Debug|Win32
		{FF3EABAE-585C-413F-8F50-D2D493734BDE}.GTAVC zDebug|x86.Build.0 = Debug|Win32
		{FF3EABAE-585C-413F-8F50-D2D493734BDE}.GTAVC zDebug|x86.Deploy.0 = Debug|Win32
		{FF3EABAE-585C-413F-8F50-D2D493734BDE}.Release|x86.ActiveCfg = Release|Win32
		{FF3EABAE-585C-413F-8F50-D2D493734BDE}.Release|x86.Build.0 = Release|Win32
		{C13724FE-CEDE-4D51-8EC1-B10E8117872F}.Debug|x86.ActiveCfg = Debug|Win32
		{C13724FE-CEDE-4D51-8EC1-B10E8117872F}.Debug|x86.Build.0 = Debug|Win32
		{C13724FE-CEDE-4D51-8EC1-B10E8117872F}.GTA3 Release|x86.ActiveCfg = Release|Win32
		{C13724FE-CEDE-4D51-8EC1-B10E8117872F}.GTA3 Release|x86.Build.0 = Release|Win32
		{C13724FE-CEDE-4D51-8EC1-B10E8117872F}.GTA3 Release|x86.Deploy.0 = Release|Win32
		{C13724FE-CEDE-4D51-8EC1-B10E8117872F}.GTA3 zDebug|x86.ActiveCfg = Debug|Win32
		{C13724FE-CEDE-4D51-8EC1-B10E8117872F}.GTA3 zDebug|x86.Build.0 = Debug|Win32
		{C13724FE-CEDE-4D51-8EC1-B10E8117872F}.GTA3 zDebug|x86.Deploy.0 = Debug|Win32
		{C13724FE-CEDE-4D51-8EC1-B10E8117872F}.GTASA Release|x86.ActiveCfg = Release|Win32
		{C13724FE-CEDE-4D51-8EC1-B10E8117872F}.GTASA Release|x86.Build.0 = Release|Win32
		{C13724FE-CEDE-4D51-8EC1-B10E8117872F}.GTASA Release|x86.Deploy.0 = Release|Win32
		{C13724FE-CEDE-4D51-8EC1-B10E8117872F}.GTASA zDebug|x86.ActiveCfg = Debug|Win32
		{C13724FE-CEDE-4D51-8EC1-B10E8117872F}.GTASA zDebug|x86.Build.0 = Debug|Win32
		{C13724FE-CEDE-4D51-8EC1-B10E8117872F}.GTASA zDebug|x86.Deploy.0 = Debug|Win32
		{C13724FE-CEDE-4D51-8EC1-B10E8117872F}.GTAVC Release|x86.ActiveCfg = Release|Win32
		{C13724FE-CEDE-4D51-8EC1-B10E8117872F}.GTAVC Release|x86.Build.0 = Release|Win32
		{C13724FE-CEDE-4D51-8EC1-B10E8117872F}.GTAVC Release|x86.Deploy.0 = Release|Win32
		{C13724FE-CEDE-4D51-8EC1-B10E8117872F}.GTAVC zDebug|x86.ActiveCfg = Debug|Win32
		{C13724FE-CEDE-4D51-8EC1-B10E8117872F}.GTAVC zDebug|x86.Build.0 = Debug|Win32
		{C13724FE-CEDE-4D51-8EC1-B10E8117872F}.GTAVC zDebug|x86.Deploy.0 = Debug|Win32
		{C13724FE-CEDE-4D51-8EC1-B10E8117872F}.Release|x86.ActiveCfg = Release|Win32
		{C13724FE-CEDE-4D51-8EC1-B10E8117872F}.Release|x86.Build.0 = Release|Win32
		{1481108D-7D6E-4A28-A904-5A1B4AFC7D21}.Debug|x86.ActiveCfg = GTA3 zDebug|Win32
		{1481108D-7D6E-4A28-A904-5A1B4AFC7D21}.Debug|x86.Build.0 = GTA3 zDebug|Win32
		{1481108D-7D6E-4A28-A904-5A1B4AFC7D21}.GTA3 Release|x86.ActiveCfg = GTA3 Release|Win32
		{1481108D-7D6E-4A28-A904-5A1B4AFC7D21}.GTA3 Release|x86.Build.0 = GTA3 Release|Win32
		{1481108D-7D6E-4A28-A904-5A1B4AFC7D21}.GTA3 zDebug|x86.ActiveCfg = GTA3 zDebug|Win32
		{1481108D-7D6E-4A28-A904-5A1B4AFC7D21}.GTA3 zDebug|x86.Build.0 = GTA3 zDebug|Win32
		{1481108D-7D6E-4A28-A904-5A1B4AFC7D21}.GTASA Release|x86.ActiveCfg = GTA3 Release|Win32
		{1481108D-7D6E-4A28-A904-5A1B4AFC7D21}.GTASA Release|x86.Build.0 = GTA3 Release|Win32
		{1481108D-7D6E-4A28-A904-5A1B4AFC7D21}.GTASA Release|x86.Deploy.0 = GTA3 Release|Win32
		{1481108D-7D6E-4A28-A904-5A1B4AFC7D21}.GTASA zDebug|x86.ActiveCfg = GTA3 Release|Win32
		{1481108D-7D6E-4A28-A904-5A1B4AFC7D21}.GTASA zDebug|x86.Build.0 = GTA3 Release|Win32
		{1481108D-7D6E-4A28-A904-5A1B4AFC7D21}.GTASA zDebug|x86.Deploy.0 = GTA3 Release|Win32
		{1481108D-7D6E-4A28-A904-5A1B4AFC7D21}.GTAVC Release|x86.ActiveCfg = GTA3 zDebug|Win32
		{1481108D-7D6E-4A28-A904-5A1B4AFC7D21}.GTAVC Release|x86.Build.0 = GTA3 zDebug|Win32
		{1481108D-7D6E-4A28-A904-5A1B4AFC7D21}.GTAVC zDebug|x86.ActiveCfg = GTA3 zDebug|Win32
		{1481108D-7D6E-4A28-A904-5A1B4AFC7D21}.GTAVC zDebug|x86.Build.0 = GTA3 zDebug|Win32
		{1481108D-7D6E-4A28-A904-5A1B4AFC7D21}.Release|x86.ActiveCfg = GTA3 Release|Win32
		{1481108D-7D6E-4A28-A904-5A1B4AFC7D21}.Release|x86.Build.0 = GTA3 Release|Win32
		{CDC6D1D5-19A0-415B-ABA4-BA66A386A545}.Debug|x86.ActiveCfg = GTASA zDebug|Win32
		{CDC6D1D5-19A0-415B-ABA4-BA66A386A545}.Debug|x86.Build.0 = GTASA zDebug|Win32
		{CDC6D1D5-19A0-415B-ABA4-BA66A386A545}.GTA3 Release|x86.ActiveCfg = GTASA zDebug|Win32
		{CDC6D1D5-19A0-415B-ABA4-BA66A386A545}.GTA3 Release|x86.Build.0 = GTASA zDebug|Win32
		{CDC6D1D5-19A0-415B-ABA4-BA66A386A545}.GTA3 zDebug|x86.ActiveCfg = GTASA zDebug|Win32
		{CDC6D1D5-19A0-415B-ABA4-BA66A386A545}.GTA3 zDebug|x86.Build.0 = GTASA zDebug|Win32
		{CDC6D1D5-19A0-415B-ABA4-BA66A386A545}.GTASA Release|x86.ActiveCfg = GTASA Release|Win32
		{CDC6D1D5-19A0-415B-ABA4-BA66A386A545}.GTASA Release|x86.Build.0 = GTASA Release|Win32
		{CDC6D1D5-19A0-415B-ABA4-BA66A386A545}.GTASA zDebug|x86.ActiveCfg = GTASA zDebug|Win32
		{CDC6D1D5-19A0-415B-ABA4-BA66A386A545}.GTASA zDebug|x86.Build.0 = GTASA zDebug|Win32
		{CDC6D1D5-19A0-415B-ABA4-BA66A386A545}.GTAVC Release|x86.ActiveCfg = GTASA zDebug|Win32
		{CDC6D1D5-19A0-415B-ABA4-BA66A386A545}.GTAVC Release|x86.Build.0 = GTASA zDebug|Win32
		{CDC6D1D5-19A0-415B-ABA4-BA66A386A545}.GTAVC zDebug|x86.ActiveCfg = GTASA zDebug|Win32
		{CDC6D1D5-19A0-415B-ABA4-BA66A386A545}.GTAVC zDebug|x86.Build.0 = GTASA zDebug|Win32
		{CDC6D1D5-19A0-415B-ABA4-BA66A386A545}.Release|x86.ActiveCfg = GTASA Release|Win32
		{CDC6D1D5-19A0-415B-ABA4-BA66A386A545}.Release|x86.Build.0 = GTASA Release|Win32
		{E3C874C7-9736-43E1-B785-2ABE231A70A8}.Debug|x86.ActiveCfg = GTAVC zDebug|Win32
		{E3C874C7-9736-43E1-B785-2ABE231A70A8}.Debug|x86.Build.0 = GTAVC zDebug|Win32
		{E3C874C7-9736-43E1-B785-2ABE231A70A8}.GTA3 Release|x86.ActiveCfg = GTAVC zDebug|Win32
		{E3C874C7-9736-43E1-B785-2ABE231A70A8}.GTA3 Release|x86.Build.0 = GTAVC zDebug|Win32
		{E3C874C7-9736-43E1-B785-2ABE231A70A8}.GTA3 zDebug|x86.ActiveCfg = GTAVC zDebug|Win32
		{E3C874C7-9736-43E1-B785-2ABE231A70A8}.GTA3 zDebug|x86.Build.0 = GTAVC zDebug|Win32
		{E3C874C7-9736-43E1-B785-2ABE231A70A8}.GTASA Release|x86.ActiveCfg = GTAVC zDebug|Win32
		{E3C874C7-9736-43E1-B785-2ABE231A70A8}.GTASA Release|x86.Build.0 = GTAVC zDebug|Win32
		{E3C874C7-9736-43E1-B785-2ABE231A70A8}.GTASA zDebug|x86.ActiveCfg = GTAVC zDebug|Win32
		{E3C874C7-9736-43E1-B785-2ABE231A70A8}.GTASA zDebug|x86.Build.0 = GTAVC zDebug|Win32
		{E3C874C7-9736-43E1-B785-2ABE231A70A8}.GTAVC Release|x86.ActiveCfg = GTAVC Release|Win32
		{E3C874C7-9736-43E1-B785-2ABE231A70A8}.GTAVC Release|x86.Build.0 = GTAVC Release|Win32
		{E3C874C7-9736-43E1-B785-2ABE231A70A8}.GTAVC zDebug|x86.ActiveCfg = GTAVC zDebug|Win32
		{E3C874C7-9736-43E1-B785-2ABE231A70A8}.GTAVC zDebug|x86.Build.0 = GTAVC zDebug|Win32
		{E3C874C7-9736-43E1-B785-2ABE231A70A8}.Release|x86.ActiveCfg = GTAVC Release|Win32
		{E3C874C7-9736-43E1-B785-2ABE231A70A8}.Release|x86.Build.0 = GTAVC Release|Win32
		{F9DF2D2E-FF06-4BA0-8CA0-A69C500D0C18}.Debug|x86.ActiveCfg = GTAVC zDebug|Win32
		{F9DF2D2E-FF06-4BA0-8CA0-A69C500D0C18}.Debug|x86.Build.0 = GTAVC zDebug|Win32
		{F9DF2D2E-FF06-4BA0-8CA0-A69C500D0C18}.GTA3 Release|x86.ActiveCfg = GTAVC zDebug|Win32
		{F9DF2D2E-FF06-4BA0-8CA0-A69C500D0C18}.GTA3 Release|x86.Build.0 = GTAVC zDebug|Win32
		{F9DF2D2E-FF06-4BA0-8CA0-A69C500D0C18}.GTA3 zDebug|x86.ActiveCfg = GTAVC zDebug|Win32
		{F9DF2D2E-FF06-4BA0-8CA0-A69C500D0C18}.GTA3 zDebug|x86.Build.0 = GTAVC zDebug|Win32
		{F9DF2D2E-FF06-4BA0-8CA0-A69C500D0C18}.GTASA Release|x86.ActiveCfg = GTAVC zDebug|Win32
		{F9DF2D2E-FF06-4BA0-8CA0-A69C500D0C18}.GTASA Release|x86.Build.0 = GTAVC zDebug|Win32
		{F9DF2D2E-FF06-4BA0-8CA0-A69C500D0C18}.GTASA zDebug|x86.ActiveCfg = GTAVC zDebug|Win32
		{F9DF2D2E-FF06-4BA0-8CA0-A69C500D0C18}.GTASA zDebug|x86.Build.0 = GTAVC zDebug|Win32
		{F9DF2D2E-FF06-4BA0-8CA0-A69C500D0C18}.GTAVC Release|x86.ActiveCfg = GTAVC Release|Win32
		{F9DF2D2E-FF06-4BA0-8CA0-A69C500D0C18}.GTAVC Release|x86.Build.0 = GTAVC Release|Win32
		{F9DF2D2E-FF06-4BA0-8CA0-A69C500D0C18}.GTAVC zDebug|x86.ActiveCfg = GTAVC zDebug|Win32
		{F9DF2D2E-FF06-4BA0-8CA0-A69C500D0C18}.GTAVC zDebug|x86.Build.0 = GTAVC zDebug|Win32
		{F9DF2D2E-FF06-4BA0-8CA0-A69C500D0C18}.Release|x86.ActiveCfg = GTAVC Release|Win32
		{F9DF2D2E-FF06-4BA0-8CA0-A69C500D0C18}.Release|x86.Build.0 = GTAVC Release|Win32
		{A1C08E2F-3F2D-4167-9E80-EA7A36C7A350}.Debug|x86.ActiveCfg = GTAVC zDebug|Win32
		{A1C08E2F-3F2D-4167-9E80-EA7A36C7A350}.Debug|x86.Build.0 = GTAVC zDebug|Win32
		{A1C08E2F-3F2D-4167-9E80-EA7A36C7A350}.GTA3 Release|x86.ActiveCfg = GTAVC zDebug|Win32
		{A1C08E2F-3F2D-4167-9E80-EA7A36C7A350}.GTA3 Release|x86.Build.0 = GTAVC zDebug|Win32
		{A1C08E2F-3F2D-4167-9E80-EA7A36C7A350}.GTA3 zDebug|x86.ActiveCfg = GTAVC zDebug|Win32
		{A1C08E2F-3F2D-4167-9E80-EA7A36C7A350}.GTA3 zDebug|x86.Build.0 = GTAVC zDebug|Win32
		{A1C08E2F-3F2D-4167-9E80-EA7A36C7A350}.GTASA Release|x86.ActiveCfg = GTAVC zDebug|Win32
		{A1C08E2F-3F2D-4167-9E80-EA7A36C7A350}.GTASA Release|x86.Build.0 = GTAVC zDebug|Win32
		{A1C08E2F-3F2D-4167-9E80-EA7A36C7A350}.GTASA zDebug|x86.ActiveCfg = GTAVC zDebug|Win32
		{A1C08E2F-3F2D-4167-9E80-EA7A36C7A350}.GTASA zDebug|x86.Build.0 = GTAVC zDebug|Win32
		{A1C08E2F-3F2D-4167-9E80-EA7A36C7A350}.GTAVC Release|x86.ActiveCfg = GTAVC Release|Win32
		{A1C08E2F-3F2D-4167-9E80-EA7A36C7A350}.GTAVC Release|x86.Build.0 = GTAVC Release|Win32
		{A1C08E2F-3F2D-4167-9E80-EA7A36C7A350}.GTAVC zDebug|x86.ActiveCfg = GTAVC zDebug|Win32
		{A1C08E2F-3F2D-4167-9E80-EA7A36C7A350}.GTAVC zDebug|x86.Build.0 = GTAVC zDebug|Win32
		{A1C08E2F-3F2D-4167-9E80-EA7A36C7A350}.Release|x86.ActiveCfg = GTAVC Release|Win32
		{A1C08E2F-3F2D-4167-9E80-EA7A36C7A350}.Release|x86.Build.0 = GTAVC Release|Win32
		{7C3CAB04-ED01-40A3-AEB7-7B624E497F17}.Debug|x86.ActiveCfg = GTA3 zDebug|Win32
		{7C3CAB04-ED01-40A3-AEB7-7B624E497F17}.Debug|x86.Build.0 = GTA3 zDebug|Win32
		{7C3CAB04-ED01-40A3-AEB7-7B624E497F17}.GTA3 Release|x86.ActiveCfg = GTA3 Release|Win32
		{7C3CAB04-ED01-40A3-AEB7-7B624E497F17}.GTA3 Release|x86.Build.0 = GTA3 Release|Win32
		{7C3CAB04-ED01-40A3-AEB7-7B624E497F17}.GTA3 zDebug|x86.ActiveCfg = GTA3 zDebug|Win32
		{7C3CAB04-ED01-40A3-AEB7-7B624E497F17}.GTA3 zDebug|x86.Build.0 = GTA3 zDebug|Win32
		{7C3CAB04-ED01-40A3-AEB7-7B624E497F17}.GTASA Release|x86.ActiveCfg = GTA3 zDebug|Win32
		{7C3CAB04-ED01-40A3-AEB7-7B624E497F17}.GTASA Release|x86.Build.0 = GTA3 zDebug|Win32
		{7C3CAB04-ED01-40A3-AEB7-7B624E497F17}.GTASA zDebug|x86.ActiveCfg = GTA3 zDebug|Win32
		{7C3CAB04-ED01-40A3-AEB7-7B624E497F17}.GTASA zDebug|x86.Build.0 = GTA3 zDebug|Win32
		{7C3CAB04-ED01-40A3-AEB7-7B624E497F17}.GTAVC Release|x86.ActiveCfg = GTA3 zDebug|Win32
		{7C3CAB04-ED01-40A3-AEB7-7B624E497F17}.GTAVC Release|x86.Build.0 = GTA3 zDebug|Win32
		{7C3CAB04-ED01-40A3-AEB7-7B624E497F17}.GTAVC zDebug|x86.ActiveCfg = GTA3 zDebug|Win32
		{7C3CAB04-ED01-40A3-AEB7-7B624E497F17}.GTAVC zDebug|x86.Build.0 = GTA3 zDebug|Win32
		{7C3CAB04-ED01-40A3-AEB7-7B624E497F17}.Release|x86.ActiveCfg = GTA3 Release|Win32
		{7C3CAB04-ED01-40A3-AEB7-7B624E497F17}.Release|x86.Build.0 = GTA3 Release|Win32
		{511497E0-17F9-4031-9490-3B2C7788681A}.Debug|x86.ActiveCfg = GTA3 zDebug|Win32
		{511497E0-17F9-4031-9490-3B2C7788681A}.Debug|x86.Build.0 = GTA3 zDebug|Win32
		{511497E0-17F9-4031-9490-3B2C7788681A}.GTA3 Release|x86.ActiveCfg = GTA3 Release|Win32
		{511497E0-17F9-4031-9490-3B2C7788681A}.GTA3 Release|x86.Build.0 = GTA3 Release|Win32
		{511497E0-17F9-4031-9490-3B2C7788681A}.GTA3 zDebug|x86.ActiveCfg = GTA3 zDebug|Win32
		{511497E0-17F9-4031-9490-3B2C7788681A}.GTA3 zDebug|x86.Build.0 = GTA3 zDebug|Win32
		{511497E0-17F9-4031-9490-3B2C7788681A}.GTASA Release|x86.ActiveCfg = GTA3 zDebug|Win32
		{511497E0-17F9-4031-9490-3B2C7788681A}.GTASA Release|x86.Build.0 = GTA3 zDebug|Win32
		{511497E0-17F9-4031-9490-3B2C7788681A}.GTASA zDebug|x86.ActiveCfg = GTA3 zDebug|Win32
		{511497E0-17F9-4031-9490-3B2C7788681A}.GTASA zDebug|x86.Build.0 = GTA3 zDebug|Win32
		{511497E0-17F9-4031-9490-3B2C7788681A}.GTAVC Release|x86.ActiveCfg = GTA3 zDebug|Win32
		{511497E0-17F9-4031-9490-3B2C7788681A}.GTAVC Release|x86.Build.0 = GTA3 zDebug|Win32
		{511497E0-17F9-4031-9490-3B2C7788681A}.GTAVC zDebug|x86.ActiveCfg = GTA3 zDebug|Win32
		{511497E0-17F9-4031-9490-3B2C7788681A}.GTAVC zDebug|x86.Build.0 = GTA3 zDebug|Win32
		{511497E0-17F9-4031-9490-3B2C7788681A}.Release|x86.ActiveCfg = GTA3 Release|Win32
		{511497E0-17F9-4031-9490-3B2C7788681A}.Release|x86.Build.0 = GTA3 Release|Win32
		{B79EF269-A504-424F-B789-35EFACD1643F}.Debug|x86.ActiveCfg = GTASA zDebug|Win32
		{B79EF269-A504-424F-B789-35EFACD1643F}.Debug|x86.Build.0 = GTASA zDebug|Win32
		{B79EF269-A504-424F-B789-35EFACD1643F}.GTA3 Release|x86.ActiveCfg = GTASA zDebug|Win32
		{B79EF269-A504-424F-B789-35EFACD1643F}.GTA3 Release|x86.Build.0 = GTASA zDebug|Win32
		{B79EF269-A504-424F-B789-35EFACD1643F}.GTA3 zDebug|x86.ActiveCfg = GTASA zDebug|Win32
		{B79EF269-A504-424F-B789-35EFACD1643F}.GTA3 zDebug|x86.Build.0 = GTASA zDebug|Win32
		{B79EF269-A504-424F-B789-35EFACD1643F}.GTASA Release|x86.ActiveCfg = GTASA Release|Win32
		{B79EF269-A504-424F-B789-35EFACD1643F}.GTASA Release|x86.Build.0 = GTASA Release|Win32
		{B79EF269-A504-424F-B789-35EFACD1643F}.GTASA zDebug|x86.ActiveCfg = GTASA zDebug|Win32
		{B79EF269-A504-424F-B789-35EFACD1643F}.GTASA zDebug|x86.Build.0 = GTASA zDebug|Win32
		{B79EF269-A504-424F-B789-35EFACD1643F}.GTAVC Release|x86.ActiveCfg = GTASA zDebug|Win32
		{B79EF269-A504-424F-B789-35EFACD1643F}.GTAVC Release|x86.Build.0 = GTASA zDebug|Win32
		{B79EF269-A504-424F-B789-35EFACD1643F}.GTAVC zDebug|x86.ActiveCfg = GTASA zDebug|Win32
		{B79EF269-A504-424F-B789-35EFACD1643F}.GTAVC zDebug|x86.Build.0 = GTASA zDebug|Win32
		{B79EF269-A504-424F-B789-35EFACD1643F}.Release|x86.ActiveCfg = GTASA Release|Win32
		{B79EF269-A504-424F-B789-35EFACD1643F}.Release|x86.Build.0 = GTASA Release|Win32
		{F6163B88-68BB-4EF8-8CF0-415F304DE0EF}.Debug|x86.ActiveCfg = GTAVC zDebug|Win32
		{F6163B88-68BB-4EF8-8CF0-415F304DE0EF}.Debug|x86.Build.0 = GTAVC zDebug|Win32
		{F6163B88-68BB-4EF8-8CF0-415F304DE0EF}.GTA3 Release|x86.ActiveCfg = GTAVC zDebug|Win32
		{F6163B88-68BB-4EF8-8CF0-415F304DE0EF}.GTA3 Release|x86.Build.0 = GTAVC zDebug|Win32
		{F6163B88-68BB-4EF8-8CF0-415F304DE0EF}.GTA3 zDebug|x86.ActiveCfg = GTAVC zDebug|Win32
		{F6163B88-68BB-4EF8-8CF0-415F304DE0EF}.GTA3 zDebug|x86.Build.0 = GTAVC zDebug|Win32
		{F6163B88-68BB-4EF8-8CF0-415F304DE0EF}.GTASA Release|x86.ActiveCfg = GTAVC zDebug|Win32
		{F6163B88-68BB-4EF8-8CF0-415F304DE0EF}.GTASA Release|x86.Build.0 = GTAVC zDebug|Win32
		{F6163B88-68BB-4EF8-8CF0-415F304DE0EF}.GTASA zDebug|x86.ActiveCfg = GTAVC zDebug|Win32
		{F6163B88-68BB-4EF8-8CF0-415F304DE0EF}.GTASA zDebug|x86.Build.0 = GTAVC zDebug|Win32
		{F6163B88-68BB-4EF8-8CF0-415F304DE0EF}.GTAVC Release|x86.ActiveCfg = GTAVC Release|Win32
		{F6163B88-68BB-4EF8-8CF0-415F304DE0EF}.GTAVC Release|x86.Build.0 = GTAVC Release|Win32
		{F6163B88-68BB-4EF8-8CF0-415F304DE0EF}.GTAVC zDebug|x86.ActiveCfg = GTAVC zDebug|Win32
		{F6163B88-68BB-4EF8-8CF0-415F304DE0EF}.GTAVC zDebug|x86.Build.0 = GTAVC zDebug|Win32
		{F6163B88-68BB-4EF8-8CF0-415F304DE0EF}.Release|x86.ActiveCfg = GTAVC Release|Win32
		{F6163B88-68BB-4EF8-8CF0-415F304DE0EF}.Release|x86.Build.0 = GTAVC Release|Win32
		{BFDA64B4-654E-4C48-B36D-0BC95FAF57F3}.Debug|x86.ActiveCfg = GTA3 zDebug|Win32
		{BFDA64B4-654E-4C48-B36D-0BC95FAF57F3}.Debug|x86.Build.0 = GTA3 zDebug|Win32
		{BFDA64B4-654E-4C48-B36D-0BC95FAF57F3}.GTA3 Release|x86.ActiveCfg = GTA3 Release|Win32
		{BFDA64B4-654E-4C48-B36D-0BC95FAF57F3}.GTA3 Release|x86.Build.0 = GTA3 Release|Win32
		{BFDA64B4-654E-4C48-B36D-0BC95FAF57F3}.GTA3 zDebug|x86.ActiveCfg = GTA3 zDebug|Win32
		{BFDA64B4-654E-4C48-B36D-0BC95FAF57F3}.GTA3 zDebug|x86.Build.0 = GTA3 zDebug|Win32
		{BFDA64B4-654E-4C48-B36D-0BC95FAF57F3}.GTASA Release|x86.ActiveCfg = GTA3 zDebug|Win32
		{BFDA64B4-654E-4C48-B36D-0BC95FAF57F3}.GTASA Release|x86.Build.0 = GTA3 zDebug|Win32
		{BFDA64B4-654E-4C48-B36D-0BC95FAF57F3}.GTASA zDebug|x86.ActiveCfg = GTA3 zDebug|Win32
		{BFDA64B4-654E-4C48-B36D-0BC95FAF57F3}.GTASA zDebug|x86.Build.0 = GTA3 zDebug|Win32
		{BFDA64B4-654E-4C48-B36D-0BC95FAF57F3}.GTAVC Release|x86.ActiveCfg = GTA3 zDebug|Win32
		{BFDA64B4-654E-4C48-B36D-0BC95FAF57F3}.GTAVC Release|x86.Build.0 = GTA3 zDebug|Win32
		{BFDA64B4-654E-4C48-B36D-0BC95FAF57F3}.GTAVC zDebug|x86.ActiveCfg = GTA3 zDebug|Win32
		{BFDA64B4-654E-4C48-B36D-0BC95FAF57F3}.GTAVC zDebug|x86.Build.0 = GTA3 zDebug|Win32
		{BFDA64B4-654E-4C48-B36D-0BC95FAF57F3}.Release|x86.ActiveCfg = GTA3 Release|Win32
		{BFDA64B4-654E-4C48-B36D-0BC95FAF57F3}.Release|x86.Build.0 = GTA3 Release|Win32
		{06AE229F-14E8-4F86-916E-63BCDBB24B74}.Debug|x86.ActiveCfg = GTA3 zDebug|Win32
		{06AE229F-14E8-4F86-916E-63BCDBB24B74}.Debug|x86.Build.0 = GTA3 zDebug|Win32
		{06AE229F-14E8-4F86-916E-63BCDBB24B74}.GTA3 Release|x86.ActiveCfg = GTA3 Release|Win32
		{06AE229F-14E8-4F86-916E-63BCDBB24B74}.GTA3 Release|x86.Build.0 = GTA3 Release|Win32
		{06AE229F-14E8-4F86-916E-63BCDBB24B74}.GTA3 zDebug|x86.ActiveCfg = GTA3 zDebug|Win32
		{06AE229F-14E8-4F86-916E-63BCDBB24B74}.GTA3 zDebug|x86.Build.0 = GTA3 zDebug|Win32
		{06AE229F-14E8-4F86-916E-63BCDBB24B74}.GTASA Release|x86.ActiveCfg = GTA3 zDebug|Win32
		{06AE229F-14E8-4F86-916E-63BCDBB24B74}.GTASA Release|x86.Build.0 = GTA3 zDebug|Win32
		{06AE229F-14E8-4F86-916E-63BCDBB24B74}.GTASA zDebug|x86.ActiveCfg = GTA3 zDebug|Win32
		{06AE229F-14E8-4F86-916E-63BCDBB24B74}.GTASA zDebug|x86.Build.0 = GTA3 zDebug|Win32
		{06AE229F-14E8-4F86-916E-63BCDBB24B74}.GTAVC Release|x86.ActiveCfg = GTA3 zDebug|Win32
		{06AE229F-14E8-4F86-916E-63BCDBB24B74}.GTAVC Release|x86.Build.0 = GTA3 zDebug|Win32
		{06AE229F-14E8-4F86-916E-63BCDBB24B74}.GTAVC zDebug|x86.ActiveCfg = GTA3 zDebug|Win32
		{06AE229F-14E8-4F86-916E-63BCDBB24B74}.GTAVC zDebug|x86.Build.0 = GTA3 zDebug|Win32
		{06AE229F-14E8-4F86-916E-63BCDBB24B74}.Release|x86.ActiveCfg = GTA3 Release|Win32
		{06AE229F-14E8-4F86-916E-63BCDBB24B74}.Release|x86.Build.0 = GTA3 Release|Win32
		{B212DDA4-2A8E-45B2-914D-7BEEB31D06B1}.Debug|x86.ActiveCfg = GTA3 zDebug|Win32
		{B212DDA4-2A8E-45B2-914D-7BEEB31D06B1}.Debug|x86.Build.0 = GTA3 zDebug|Win32
		{B212DDA4-2A8E-45B2-914D-7BEEB31D06B1}.GTA3 Release|x86.ActiveCfg = GTA3 Release|Win32
		{B212DDA4-2A8E-45B2-914D-7BEEB31D06B1}.GTA3 Release|x86.Build.0 = GTA3 Release|Win32
		{B212DDA4-2A8E-45B2-914D-7BEEB31D06B1}.GTA3 zDebug|x86.ActiveCfg = GTA3 zDebug|Win32
		{B212DDA4-2A8E-45B2-914D-7BEEB31D06B1}.GTA3 zDebug|x86.Build.0 = GTA3 zDebug|Win32
		{B212DDA4-2A8E-45B2-914D-7BEEB31D06B1}.GTASA Release|x86.ActiveCfg = GTA3 Release|Win32
		{B212DDA4-2A8E-45B2-914D-7BEEB31D06B1}.GTASA Release|x86.Build.0 = GTA3 Release|Win32
		{B212DDA4-2A8E-45B2-914D-7BEEB31D06B1}.GTASA zDebug|x86.ActiveCfg = GTA3 Release|Win32
		{B212DDA4-2A8E-45B2-914D-7BEEB31D06B1}.GTASA zDebug|x86.Build.0 = GTA3 Release|Win32
		{B212DDA4-2A8E-45B2-914D-7BEEB31D06B1}.GTAVC Release|x86.ActiveCfg = GTA3 Release|Win32
		{B212DDA4-2A8E-45B2-914D-7BEEB31D06B1}.GTAVC Release|x86.Build.0 = GTA3 Release|Win32
		{B212DDA4-2A8E-45B2-914D-7BEEB31D06B1}.GTAVC zDebug|x86.ActiveCfg = GTA3 Release|Win32
		{B212DDA4-2A8E-45B2-914D-7BEEB31D06B1}.GTAVC zDebug|x86.Build.0 = GTA3 Release|Win32
		{B212DDA4-2A8E-45B2-914D-7BEEB31D06B1}.Release|x86.ActiveCfg = GTA3 Release|Win32
		{B212DDA4-2A8E-45B2-914D-7BEEB31D06B1}.Release|x86.Build.0 = GTA3 Release|Win32
		{FEA0194B-DE52-43FC-A3E2-26CA887B78A8}.Debug|x86.ActiveCfg = GTAVC zDebug|Win32
		{FEA0194B-DE52-43FC-A3E2-26CA887B78A8}.Debug|x86.Build.0 = GTAVC zDebug|Win32
		{FEA0194B-DE52-43FC-A3E2-26CA887B78A8}.GTA3 Release|x86.ActiveCfg = GTAVC zDebug|Win32
		{FEA0194B-DE52-43FC-A3E2-26CA887B78A8}.GTA3 Release|x86.Build.0 = GTAVC zDebug|Win32
		{FEA0194B-DE52-43FC-A3E2-26CA887B78A8}.GTA3 zDebug|x86.ActiveCfg = GTAVC zDebug|Win32
		{FEA0194B-DE52-43FC-A3E2-26CA887B78A8}.GTA3 zDebug|x86.Build.0 = GTAVC zDebug|Win32
		{FEA0194B-DE52-43FC-A3E2-26CA887B78A8}.GTASA Release|x86.ActiveCfg = GTAVC zDebug|Win32
		{FEA0194B-DE52-43FC-A3E2-26CA887B78A8}.GTASA Release|x86.Build.0 = GTAVC zDebug|Win32
		{FEA0194B-DE52-43FC-A3E2-26CA887B78A8}.GTASA zDebug|x86.ActiveCfg = GTAVC zDebug|Win32
		{FEA0194B-DE52-43FC-A3E2-26CA887B78A8}.GTASA zDebug|x86.Build.0 = GTAVC zDebug|Win32
		{FEA0194B-DE52-43FC-A3E2-26CA887B78A8}.GTAVC Release|x86.ActiveCfg = GTAVC Release|Win32
		{FEA0194B-DE52-43FC-A3E2-26CA887B78A8}.GTAVC Release|x86.Build.0 = GTAVC Release|Win32
		{FEA0194B-DE52-43FC-A3E2-26CA887B78A8}.GTAVC zDebug|x86.ActiveCfg = GTAVC zDebug|Win32
		{FEA0194B-DE52-43FC-A3E2-26CA887B78A8}.GTAVC zDebug|x86.Build.0 = GTAVC zDebug|Win32
		{FEA0194B-DE52-43FC-A3E2-26CA887B78A8}.Release|x86.ActiveCfg = GTAVC Release|Win32
		{FEA0194B-DE52-43FC-A3E2-26CA887B78A8}.Release|x86.Build.0 = GTAVC Release|Win32
		{E4311B28-6991-4F07-B017-A059D5B6F088}.Debug|x86.ActiveCfg = GTASA zDebug|Win32
		{E4311B28-6991-4F07-B017-A059D5B6F088}.Debug|x86.Build.0 = GTASA zDebug|Win32
		{E4311B28-6991-4F07-B017-A059D5B6F088}.GTA3 Release|x86.ActiveCfg = GTASA zDebug|Win32
		{E4311B28-6991-4F07-B017-A059D5B6F088}.GTA3 Release|x86.Build.0 = GTASA zDebug|Win32
		{E4311B28-6991-4F07-B017-A059D5B6F088}.GTA3 zDebug|x86.ActiveCfg = GTASA zDebug|Win32
		{E4311B28-6991-4F07-B017-A059D5B6F088}.GTA3 zDebug|x86.Build.0 = GTASA zDebug|Win32
		{E4311B28-6991-4F07-B017-A059D5B6F088}.GTASA Release|x86.ActiveCfg = GTASA Release|Win32
		{E4311B28-6991-4F07-B017-A059D5B6F088}.GTASA Release|x86.Build.0 = GTASA Release|Win32
		{E4311B28-6991-4F07-B017-A059D5B6F088}.GTASA zDebug|x86.ActiveCfg = GTASA zDebug|Win32
		{E4311B28-6991-4F07-B017-A059D5B6F088}.GTASA zDebug|x86.Build.0 = GTASA zDebug|Win32
		{E4311B28-6991-4F07-B017-A059D5B6F088}.GTAVC Release|x86.ActiveCfg = GTASA zDebug|Win32
		{E4311B28-6991-4F07-B017-A059D5B6F088}.GTAVC Release|x86.Build.0 = GTASA zDebug|Win32
		{E4311B28-6991-4F07-B017-A059D5B6F088}.GTAVC zDebug|x86.ActiveCfg = GTASA zDebug|Win32
		{E4311B28-6991-4F07-B017-A059D5B6F088}.GTAVC zDebug|x86.Build.0 = GTASA zDebug|Win32
		{E4311B28-6991-4F07-B017-A059D5B6F088}.Release|x86.ActiveCfg = GTASA Release|Win32
		{E4311B28-6991-4F07-B017-A059D5B6F088}.Release|x86.Build.0 = GTASA Release|Win32
		{102C49FF-FF77-4D38-9833-3538CDBFADAE}.Debug|x86.ActiveCfg = GTAVC zDebug|Win32
		{102C49FF-FF77-4D38-9833-3538CDBFADAE}.Debug|x86.Build.0 = GTAVC zDebug|Win32
		{102C49FF-FF77-4D38-9833-3538CDBFADAE}.GTA3 Release|x86.ActiveCfg = GTAVC zDebug|Win32
		{102C49FF-FF77-4D38-9833-3538CDBFADAE}.GTA3 Release|x86.Build.0 = GTAVC zDebug|Win32
		{102C49FF-FF77-4D38-9833-3538CDBFADAE}.GTA3 zDebug|x86.ActiveCfg = GTAVC zDebug|Win32
		{102C49FF-FF77-4D38-9833-3538CDBFADAE}.GTA3 zDebug|x86.Build.0 = GTAVC zDebug|Win32
		{102C49FF-FF77-4D38-9833-3538CDBFADAE}.GTASA Release|x86.ActiveCfg = GTAVC zDebug|Win32
		{102C49FF-FF77-4D38-9833-3538CDBFADAE}.GTASA Release|x86.Build.0 = GTAVC zDebug|Win32
		{102C49FF-FF77-4D38-9833-3538CDBFADAE}.GTASA zDebug|x86.ActiveCfg = GTAVC zDebug|Win32
		{102C49FF-FF77-4D38-9833-3538CDBFADAE}.GTASA zDebug|x86.Build.0 = GTAVC zDebug|Win32
		{102C49FF-FF77-4D38-9833-3538CDBFADAE}.GTAVC Release|x86.ActiveCfg = GTAVC Release|Win32
		{102C49FF-FF77-4D38-9833-3538CDBFADAE}.GTAVC Release|x86.Build.0 = GTAVC Release|Win32
		{102C49FF-FF77-4D38-9833-3538CDBFADAE}.GTAVC zDebug|x86.ActiveCfg = GTAVC zDebug|Win32
		{102C49FF-FF77-4D38-9833-3538CDBFADAE}.GTAVC zDebug|x86.Build.0 = GTAVC zDebug|Win32
		{102C49FF-FF77-4D38-9833-3538CDBFADAE}.Release|x86.ActiveCfg = GTAVC Release|Win32
		{102C49FF-FF77-4D38-9833-3538CDBFADAE}.Release|x86.Build.0 = GTAVC Release|Win32
		{17EDCF8D-E3BD-4B03-857C-94BC3905ACE6}.Debug|x86.ActiveCfg = GTA3 zDebug|Win32
		{17EDCF8D-E3BD-4B03-857C-94BC3905ACE6}.Debug|x86.Build.0 = GTA3 zDebug|Win32
		{17EDCF8D-E3BD-4B03-857C-94BC3905ACE6}.GTA3 Release|x86.ActiveCfg = GTA3 Release|Win32
		{17EDCF8D-E3BD-4B03-857C-94BC3905ACE6}.GTA3 Release|x86.Build.0 = GTA3 Release|Win32
		{17EDCF8D-E3BD-4B03-857C-94BC3905ACE6}.GTA3 zDebug|x86.ActiveCfg = GTA3 zDebug|Win32
		{17EDCF8D-E3BD-4B03-857C-94BC3905ACE6}.GTA3 zDebug|x86.Build.0 = GTA3 zDebug|Win32
		{17EDCF8D-E3BD-4B03-857C-94BC3905ACE6}.GTASA Release|x86.ActiveCfg = GTA3 zDebug|Win32
		{17EDCF8D-E3BD-4B03-857C-94BC3905ACE6}.GTASA Release|x86.Build.0 = GTA3 zDebug|Win32
		{17EDCF8D-E3BD-4B03-857C-94BC3905ACE6}.GTASA zDebug|x86.ActiveCfg = GTA3 zDebug|Win32
		{17EDCF8D-E3BD-4B03-857C-94BC3905ACE6}.GTASA zDebug|x86.Build.0 = GTA3 zDebug|Win32
		{17EDCF8D-E3BD-4B03-857C-94BC3905ACE6}.GTAVC Release|x86.ActiveCfg = GTA3 zDebug|Win32
		{17EDCF8D-E3BD-4B03-857C-94BC3905ACE6}.GTAVC Release|x86.Build.0 = GTA3 zDebug|Win32
		{17EDCF8D-E3BD-4B03-857C-94BC3905ACE6}.GTAVC zDebug|x86.ActiveCfg = GTA3 zDebug|Win32
		{17EDCF8D-E3BD-4B03-857C-94BC3905ACE6}.GTAVC zDebug|x86.Build.0 = GTA3 zDebug|Win32
		{17EDCF8D-E3BD-4B03-857C-94BC3905ACE6}.Release|x86.ActiveCfg = GTA3 Release|Win32
		{17EDCF8D-E3BD-4B03-857C-94BC3905ACE6}.Release|x86.Build.0 = GTA3 Release|Win32
		{599C1C79-2184-4415-BAEE-D2E09FB196A2}.Debug|x86.ActiveCfg = GTA3 zDebug|Win32
		{599C1C79-2184-4415-BAEE-D2E09FB196A2}.Debug|x86.Build.0 = GTA3 zDebug|Win32
		{599C1C79-2184-4415-BAEE-D2E09FB196A2}.GTA3 Release|x86.ActiveCfg = GTA3 Release|Win32
		{599C1C79-2184-4415-BAEE-D2E09FB196A2}.GTA3 Release|x86.Build.0 = GTA3 Release|Win32
		{599C1C79-2184-4415-BAEE-D2E09FB196A2}.GTA3 zDebug|x86.ActiveCfg = GTA3 zDebug|Win32
		{599C1C79-2184-4415-BAEE-D2E09FB196A2}.GTA3 zDebug|x86.Build.0 = GTA3 zDebug|Win32
		{599C1C79-2184-4415-BAEE-D2E09FB196A2}.GTASA Release|x86.ActiveCfg = GTA3 zDebug|Win32
		{599C1C79-2184-4415-BAEE-D2E09FB196A2}.GTASA Release|x86.Build.0 = GTA3 zDebug|Win32
		{599C1C79-2184-4415-BAEE-D2E09FB196A2}.GTASA zDebug|x86.ActiveCfg = GTA3 zDebug|Win32
		{599C1C79-2184-4415-BAEE-D2E09FB196A2}.GTASA zDebug|x86.Build.0 = GTA3 zDebug|Win32
		{599C1C79-2184-4415-BAEE-D2E09FB196A2}.GTAVC Release|x86.ActiveCfg = GTA3 zDebug|Win32
		{599C1C79-2184-4415-BAEE-D2E09FB196A2}.GTAVC Release|x86.Build.0 = GTA3 zDebug|Win32
		{599C1C79-2184-4415-BAEE-D2E09FB196A2}.GTAVC zDebug|x86.ActiveCfg = GTA3 zDebug|Win32
		{599C1C79-2184-4415-BAEE-D2E09FB196A2}.GTAVC zDebug|x86.Build.0 = GTA3 zDebug|Win32
		{599C1C79-2184-4415-BAEE-D2E09FB196A2}.Release|x86.ActiveCfg = GTA3 Release|Win32
		{599C1C79-2184-4415-BAEE-D2E09FB196A2}.Release|x86.Build.0 = GTA3 Release|Win32
		{331C122E-856F-4203-995B-D628D0F877AC}.Debug|x86.ActiveCfg = GTASA zDebug|Win32
		{331C122E-856F-4203-995B-D628D0F877AC}.Debug|x86.Build.0 = GTASA zDebug|Win32
		{331C122E-856F-4203-995B-D628D0F877AC}.GTA3 Release|x86.ActiveCfg = GTASA zDebug|Win32
		{331C122E-856F-4203-995B-D628D0F877AC}.GTA3 Release|x86.Build.0 = GTASA zDebug|Win32
		{331C122E-856F-4203-995B-D628D0F877AC}.GTA3 zDebug|x86.ActiveCfg = GTASA zDebug|Win32
		{331C122E-856F-4203-995B-D628D0F877AC}.GTA3 zDebug|x86.Build.0 = GTASA zDebug|Win32
		{331C122E-856F-4203-995B-D628D0F877AC}.GTASA Release|x86.ActiveCfg = GTASA Release|Win32
		{331C122E-856F-4203-995B-D628D0F877AC}.GTASA Release|x86.Build.0 = GTASA Release|Win32
		{331C122E-856F-4203-995B-D628D0F877AC}.GTASA zDebug|x86.ActiveCfg = GTASA zDebug|Win32
		{331C122E-856F-4203-995B-D628D0F877AC}.GTASA zDebug|x86.Build.0 = GTASA zDebug|Win32
		{331C122E-856F-4203-995B-D628D0F877AC}.GTAVC Release|x86.ActiveCfg = GTASA zDebug|Win32
		{331C122E-856F-4203-995B-D628D0F877AC}.GTAVC Release|x86.Build.0 = GTASA zDebug|Win32
		{331C122E-856F-4203-995B-D628D0F877AC}.GTAVC zDebug|x86.ActiveCfg = GTASA zDebug|Win32
		{331C122E-856F-4203-995B-D628D0F877AC}.GTAVC zDebug|x86.Build.0 = GTASA zDebug|Win32
		{331C122E-856F-4203-995B-D628D0F877AC}.Release|x86.ActiveCfg = GTASA Release|Win32
		{331C122E-856F-4203-995B-D628D0F877AC}.Release|x86.Build.0 = GTASA Release|Win32
		{A28749E8-C4EF-428C-8431-B26B3F5D3A6D}.Debug|x86.ActiveCfg = GTAVC zDebug|Win32
		{A28749E8-C4EF-428C-8431-B26B3F5D3A6D}.Debug|x86.Build.0 = GTAVC zDebug|Win32
		{A28749E8-C4EF-428C-8431-B26B3F5D3A6D}.GTA3 Release|x86.ActiveCfg = GTAVC zDebug|Win32
		{A28749E8-C4EF-428C-8431-B26B3F5D3A6D}.GTA3 Release|x86.Build.0 = GTAVC zDebug|Win32
		{A28749E8-C4EF-428C-8431-B26B3F5D3A6D}.GTA3 zDebug|x86.ActiveCfg = GTAVC zDebug|Win32
		{A28749E8-C4EF-428C-8431-B26B3F5D3A6D}.GTA3 zDebug|x86.Build.0 = GTAVC zDebug|Win32
		{A28749E8-C4EF-428C-8431-B26B3F5D3A6D}.GTASA Release|x86.ActiveCfg = GTAVC zDebug|Win32
		{A28749E8-C4EF-428C-8431-B26B3F5D3A6D}.GTASA Release|x86.Build.0 = GTAVC zDebug|Win32
		{A28749E8-C4EF-428C-8431-B26B3F5D3A6D}.GTASA zDebug|x86.ActiveCfg = GTAVC zDebug|Win32
		{A28749E8-C4EF-428C-8431-B26B3F5D3A6D}.GTASA zDebug|x86.Build.0 = GTAVC zDebug|Win32
		{A28749E8-C4EF-428C-8431-B26B3F5D3A6D}.GTAVC Release|x86.ActiveCfg = GTAVC Release|Win32
		{A28749E8-C4EF-428C-8431-B26B3F5D3A6D}.GTAVC Release|x86.Build.0 = GTAVC Release|Win32
		{A28749E8-C4EF-428C-8431-B26B3F5D3A6D}.GTAVC zDebug|x86.ActiveCfg = GTAVC zDebug|Win32
		{A28749E8-C4EF-428C-8431-B26B3F5D3A6D}.GTAVC zDebug|x86.Build.0 = GTAVC zDebug|Win32
		{A28749E8-C4EF-428C-8431-B26B3F5D3A6D}.Release|x86.ActiveCfg = GTAVC Release|Win32
		{A28749E8-C4EF-428C-8431-B26B3F5D3A6D}.Release|x86.Build.0 = GTAVC Release|Win32
	EndGlobalSection
	GlobalSection(SolutionProperties) = preSolution
		HideSolutionNode = FALSE
	EndGlobalSection
	GlobalSection(NestedProjects) = preSolution
		{E8631542-09D3-4C9A-87FB-C947F0E08F6C} = {254A0CF4-9934-4A6E-8B09-4BE2AF7360CD}
		{41D35881-0CBC-4236-972C-FDA395427D46} = {5190CB60-22CB-49E5-A966-B36B391C9987}
		{6CC45B39-299C-432E-851C-BAA0A811431F} = {254A0CF4-9934-4A6E-8B09-4BE2AF7360CD}
		{30C99C1C-20CE-4B1B-9F50-35CDE68D46BD} = {5190CB60-22CB-49E5-A966-B36B391C9987}
		{DEF3C506-7626-4452-98C9-7A7E44756919} = {FD6B5178-2012-4CCE-85BC-93B5B8A9F946}
		{196BF231-76FC-48A8-BBC0-E0703089B9AF} = {5190CB60-22CB-49E5-A966-B36B391C9987}
		{FF3EABAE-585C-413F-8F50-D2D493734BDE} = {5190CB60-22CB-49E5-A966-B36B391C9987}
		{C13724FE-CEDE-4D51-8EC1-B10E8117872F} = {5190CB60-22CB-49E5-A966-B36B391C9987}
		{1481108D-7D6E-4A28-A904-5A1B4AFC7D21} = {254A0CF4-9934-4A6E-8B09-4BE2AF7360CD}
		{CDC6D1D5-19A0-415B-ABA4-BA66A386A545} = {5190CB60-22CB-49E5-A966-B36B391C9987}
		{E3C874C7-9736-43E1-B785-2ABE231A70A8} = {FD6B5178-2012-4CCE-85BC-93B5B8A9F946}
		{F9DF2D2E-FF06-4BA0-8CA0-A69C500D0C18} = {FD6B5178-2012-4CCE-85BC-93B5B8A9F946}
		{A1C08E2F-3F2D-4167-9E80-EA7A36C7A350} = {FD6B5178-2012-4CCE-85BC-93B5B8A9F946}
		{7C3CAB04-ED01-40A3-AEB7-7B624E497F17} = {254A0CF4-9934-4A6E-8B09-4BE2AF7360CD}
		{511497E0-17F9-4031-9490-3B2C7788681A} = {254A0CF4-9934-4A6E-8B09-4BE2AF7360CD}
		{B79EF269-A504-424F-B789-35EFACD1643F} = {5190CB60-22CB-49E5-A966-B36B391C9987}
		{F6163B88-68BB-4EF8-8CF0-415F304DE0EF} = {FD6B5178-2012-4CCE-85BC-93B5B8A9F946}
		{BFDA64B4-654E-4C48-B36D-0BC95FAF57F3} = {254A0CF4-9934-4A6E-8B09-4BE2AF7360CD}
		{06AE229F-14E8-4F86-916E-63BCDBB24B74} = {254A0CF4-9934-4A6E-8B09-4BE2AF7360CD}
		{B212DDA4-2A8E-45B2-914D-7BEEB31D06B1} = {254A0CF4-9934-4A6E-8B09-4BE2AF7360CD}
		{FEA0194B-DE52-43FC-A3E2-26CA887B78A8} = {FD6B5178-2012-4CCE-85BC-93B5B8A9F946}
		{E4311B28-6991-4F07-B017-A059D5B6F088} = {5190CB60-22CB-49E5-A966-B36B391C9987}
		{102C49FF-FF77-4D38-9833-3538CDBFADAE} = {FD6B5178-2012-4CCE-85BC-93B5B8A9F946}
		{17EDCF8D-E3BD-4B03-857C-94BC3905ACE6} = {254A0CF4-9934-4A6E-8B09-4BE2AF7360CD}
		{599C1C79-2184-4415-BAEE-D2E09FB196A2} = {254A0CF4-9934-4A6E-8B09-4BE2AF7360CD}
		{331C122E-856F-4203-995B-D628D0F877AC} = {5190CB60-22CB-49E5-A966-B36B391C9987}
		{A28749E8-C4EF-428C-8431-B26B3F5D3A6D} = {FD6B5178-2012-4CCE-85BC-93B5B8A9F946}
	EndGlobalSection
EndGlobal
