
Microsoft Visual Studio Solution File, Format Version 12.00
# Visual Studio 15
VisualStudioVersion = 15.0.26430.15
MinimumVisualStudioVersion = 10.0.40219.1
Project("{8BC9CEB8-8B4A-11D0-8D11-00A0C91BC942}") = "III_taxi+", "III_taxi+\III_taxi+.vcxproj", "{E8631542-09D3-4C9A-87FB-C947F0E08F6C}"
EndProject
Project("{8BC9CEB8-8B4A-11D0-8D11-00A0C91BC942}") = "SA_VehicleAdvanced", "SA_VehicleAdvanced\SA_VehicleAdvanced.vcxproj", "{41D35881-0CBC-4236-972C-FDA395427D46}"
EndProject
Project("{8BC9CEB8-8B4A-11D0-8D11-00A0C91BC942}") = "III_OpenComponent", "III_OpenComponent\III_OpenComponent.vcxproj", "{6CC45B39-299C-432E-851C-BAA0A811431F}"
EndProject
Global
	GlobalSection(SolutionConfigurationPlatforms) = preSolution
		Debug|x86 = Debug|x86
		Release|x86 = Release|x86
	EndGlobalSection
	GlobalSection(ProjectConfigurationPlatforms) = postSolution
		{E8631542-09D3-4C9A-87FB-C947F0E08F6C}.Debug|x86.ActiveCfg = Debug|Win32
		{E8631542-09D3-4C9A-87FB-C947F0E08F6C}.Debug|x86.Build.0 = Debug|Win32
		{E8631542-09D3-4C9A-87FB-C947F0E08F6C}.Release|x86.ActiveCfg = Release|Win32
		{E8631542-09D3-4C9A-87FB-C947F0E08F6C}.Release|x86.Build.0 = Release|Win32
		{41D35881-0CBC-4236-972C-FDA395427D46}.Debug|x86.ActiveCfg = Debug|Win32
		{41D35881-0CBC-4236-972C-FDA395427D46}.Debug|x86.Build.0 = Debug|Win32
		{41D35881-0CBC-4236-972C-FDA395427D46}.Release|x86.ActiveCfg = Release|Win32
		{41D35881-0CBC-4236-972C-FDA395427D46}.Release|x86.Build.0 = Release|Win32
		{6CC45B39-299C-432E-851C-BAA0A811431F}.Debug|x86.ActiveCfg = Debug|Win32
		{6CC45B39-299C-432E-851C-BAA0A811431F}.Debug|x86.Build.0 = Debug|Win32
		{6CC45B39-299C-432E-851C-BAA0A811431F}.Release|x86.ActiveCfg = Release|Win32
		{6CC45B39-299C-432E-851C-BAA0A811431F}.Release|x86.Build.0 = Release|Win32
	EndGlobalSection
	GlobalSection(SolutionProperties) = preSolution
		HideSolutionNode = FALSE
	EndGlobalSection
EndGlobal
